{
  "name": "acr1222l",
  "version": "0.6.3",
  "lockfileVersion": 3,
  "requires": true,
  "packages": {
    "": {
      "name": "acr1222l",
      "version": "0.6.3",
      "license": "ISC",
      "dependencies": {
        "@pokusew/pcsclite": "0.6.0",
        "ndef": "0.2.0"
      },
      "devDependencies": {
        "pngjs": "3.3.3"
      }
    },
    "node_modules/@pokusew/pcsclite": {
      "version": "0.6.0",
      "resolved": "https://registry.npmjs.org/@pokusew/pcsclite/-/pcsclite-0.6.0.tgz",
      "integrity": "sha512-jX7zRXM2Or5Pms1AFjNtawsXDjLiZOzOUo7Sf0put7Pnq/EKIR9g0KvTx62HtwdPpVP6hWHGydUTHgIi9PxodQ==",
      "hasInstallScript": true,
      "dependencies": {
        "bindings": "^1.5.0",
        "nan": "^2.14.0"
      }
    },
    "node_modules/bindings": {
      "version": "1.5.0",
      "resolved": "https://registry.npmjs.org/bindings/-/bindings-1.5.0.tgz",
      "integrity": "sha512-p2q/t/mhvuOj/UeLlV6566GD/guowlr0hHxClI0W9m7MWYkL1F0hLo+0Aexs9HSPCtR1SXQ0TD3MMKrXZajbiQ==",
      "dependencies": {
        "file-uri-to-path": "1.0.0"
      }
    },
    "node_modules/file-uri-to-path": {
      "version": "1.0.0",
      "resolved": "https://registry.npmjs.org/file-uri-to-path/-/file-uri-to-path-1.0.0.tgz",
      "integrity": "sha512-0Zt+s3L7Vf1biwWZ29aARiVYLx7iMGnEUl9x33fbB/j3jR81u/O2LbqK+Bm1CDSNDKVtJ/YjwY7TUd5SkeLQLw=="
    },
    "node_modules/nan": {
      "version": "2.15.0",
      "resolved": "https://registry.npmjs.org/nan/-/nan-2.15.0.tgz",
      "integrity": "sha512-8ZtvEnA2c5aYCZYd1cvgdnU6cqwixRoYg70xPLWUws5ORTa/lnw+u4amixRS/Ac5U5mQVgp9pnlSUnbNWFaWZQ=="
    },
    "node_modules/ndef": {
      "version": "0.2.0",
      "resolved": "https://registry.npmjs.org/ndef/-/ndef-0.2.0.tgz",
      "integrity": "sha512-yl0t0oexuIjNLs8MAF5xZ6rT9P635+ZnCt4sng/aJT8/8gqJ0niBpZoKsioLi+NUA7ydb20MqXo+rIdAQcihVg==",
      "engines": {
        "node": ">=4.0.0"
      }
    },
    "node_modules/pngjs": {
      "version": "3.3.3",
      "resolved": "https://registry.npmjs.org/pngjs/-/pngjs-3.3.3.tgz",
      "integrity": "sha512-1n3Z4p3IOxArEs1VRXnZ/RXdfEniAUS9jb68g58FIXMNkPJeZd+Qh4Uq7/e0LVxAQGos1eIUrqrt4FpjdnEd+Q==",
      "dev": true,
      "engines": {
        "node": ">=4.0.0"
      }
    }
  }
}
